
Microsoft Visual Studio Solution File, Format Version 12.00
# Visual Studio Version 17
VisualStudioVersion = 17.0.31903.59
MinimumVisualStudioVersion = 10.0.40219.1
Project("{FAE04EC0-301F-11D3-BF4B-00C04F79EFBC}") = "BolsoEmDia.Domain", "BolsoEmDia.Domain\BolsoEmDia.Domain.csproj", "{29FB9F77-5B22-4E81-B920-578A98947D66}"
EndProject
Project("{FAE04EC0-301F-11D3-BF4B-00C04F79EFBC}") = "BolsoEmDia.Infra", "BolsoEmDia.Infra\BolsoEmDia.Infra.csproj", "{A2B32E91-D33A-4C5B-937C-4D3FB4D50EF6}"
EndProject
Project("{FAE04EC0-301F-11D3-BF4B-00C04F79EFBC}") = "BolsoEmDia.Application", "BolsoEmDia.Application\BolsoEmDia.Application.csproj", "{6298FA4A-F531-401B-AABB-021A549242FC}"
EndProject
Project("{FAE04EC0-301F-11D3-BF4B-00C04F79EFBC}") = "BolsoEmDia.Api", "BolsoEmDia.Api\BolsoEmDia.Api.csproj", "{94A90C85-8393-40E5-8F2B-31AB6396E76D}"
EndProject
Project("{FAE04EC0-301F-11D3-BF4B-00C04F79EFBC}") = "BolsoEmDia.Front", "BolsoEmDia.Front\BolsoEmDia.Front.csproj", "{3BFEFF51-EF98-43D7-92C9-5EF2FCC9D9E5}"
EndProject
Project("{FAE04EC0-301F-11D3-BF4B-00C04F79EFBC}") = "BolsoEmDia.Front.Services", "BolsoEmDia.Front.Services\BolsoEmDia.Front.Services.csproj", "{C6451BA1-2FA7-41A5-97AA-896DA98CAD60}"
EndProject
Project("{FAE04EC0-301F-11D3-BF4B-00C04F79EFBC}") = "BolsoEmDia.Front.Models", "BolsoEmDia.Front.Models\BolsoEmDia.Front.Models.csproj", "{6EFBC877-095E-4D85-A41D-6473E9369A21}"
EndProject
Project("{2150E333-8FDC-42A3-9474-1A3956D46DE8}") = "Api", "Api", "{02EA681E-C7D8-13C7-8484-4AC65E1B71E8}"
EndProject
Project("{2150E333-8FDC-42A3-9474-1A3956D46DE8}") = "Front", "Front", "{FE020CA1-D471-4CE5-A412-098ECEADA2B8}"
EndProject
Project("{2150E333-8FDC-42A3-9474-1A3956D46DE8}") = "Tests", "Tests", "{37821FA4-66EA-4E5C-903B-FF7036373805}"
EndProject
Project("{FAE04EC0-301F-11D3-BF4B-00C04F79EFBC}") = "BolsoEmDia.Tests", "BolsoEmDia.Tests\BolsoEmDia.Tests.csproj", "{24ABFC36-CB7F-41F9-5A78-B45DB3001651}"
EndProject
Global
	GlobalSection(SolutionConfigurationPlatforms) = preSolution
		Debug|Any CPU = Debug|Any CPU
		Debug|x64 = Debug|x64
		Debug|x86 = Debug|x86
		Release|Any CPU = Release|Any CPU
		Release|x64 = Release|x64
		Release|x86 = Release|x86
	EndGlobalSection
	GlobalSection(ProjectConfigurationPlatforms) = postSolution
		{29FB9F77-5B22-4E81-B920-578A98947D66}.Debug|Any CPU.ActiveCfg = Debug|Any CPU
		{29FB9F77-5B22-4E81-B920-578A98947D66}.Debug|Any CPU.Build.0 = Debug|Any CPU
		{29FB9F77-5B22-4E81-B920-578A98947D66}.Debug|x64.ActiveCfg = Debug|Any CPU
		{29FB9F77-5B22-4E81-B920-578A98947D66}.Debug|x64.Build.0 = Debug|Any CPU
		{29FB9F77-5B22-4E81-B920-578A98947D66}.Debug|x86.ActiveCfg = Debug|Any CPU
		{29FB9F77-5B22-4E81-B920-578A98947D66}.Debug|x86.Build.0 = Debug|Any CPU
		{29FB9F77-5B22-4E81-B920-578A98947D66}.Release|Any CPU.ActiveCfg = Release|Any CPU
		{29FB9F77-5B22-4E81-B920-578A98947D66}.Release|Any CPU.Build.0 = Release|Any CPU
		{29FB9F77-5B22-4E81-B920-578A98947D66}.Release|x64.ActiveCfg = Release|Any CPU
		{29FB9F77-5B22-4E81-B920-578A98947D66}.Release|x64.Build.0 = Release|Any CPU
		{29FB9F77-5B22-4E81-B920-578A98947D66}.Release|x86.ActiveCfg = Release|Any CPU
		{29FB9F77-5B22-4E81-B920-578A98947D66}.Release|x86.Build.0 = Release|Any CPU
		{A2B32E91-D33A-4C5B-937C-4D3FB4D50EF6}.Debug|Any CPU.ActiveCfg = Debug|Any CPU
		{A2B32E91-D33A-4C5B-937C-4D3FB4D50EF6}.Debug|Any CPU.Build.0 = Debug|Any CPU
		{A2B32E91-D33A-4C5B-937C-4D3FB4D50EF6}.Debug|x64.ActiveCfg = Debug|Any CPU
		{A2B32E91-D33A-4C5B-937C-4D3FB4D50EF6}.Debug|x64.Build.0 = Debug|Any CPU
		{A2B32E91-D33A-4C5B-937C-4D3FB4D50EF6}.Debug|x86.ActiveCfg = Debug|Any CPU
		{A2B32E91-D33A-4C5B-937C-4D3FB4D50EF6}.Debug|x86.Build.0 = Debug|Any CPU
		{A2B32E91-D33A-4C5B-937C-4D3FB4D50EF6}.Release|Any CPU.ActiveCfg = Release|Any CPU
		{A2B32E91-D33A-4C5B-937C-4D3FB4D50EF6}.Release|Any CPU.Build.0 = Release|Any CPU
		{A2B32E91-D33A-4C5B-937C-4D3FB4D50EF6}.Release|x64.ActiveCfg = Release|Any CPU
		{A2B32E91-D33A-4C5B-937C-4D3FB4D50EF6}.Release|x64.Build.0 = Release|Any CPU
		{A2B32E91-D33A-4C5B-937C-4D3FB4D50EF6}.Release|x86.ActiveCfg = Release|Any CPU
		{A2B32E91-D33A-4C5B-937C-4D3FB4D50EF6}.Release|x86.Build.0 = Release|Any CPU
		{6298FA4A-F531-401B-AABB-021A549242FC}.Debug|Any CPU.ActiveCfg = Debug|Any CPU
		{6298FA4A-F531-401B-AABB-021A549242FC}.Debug|Any CPU.Build.0 = Debug|Any CPU
		{6298FA4A-F531-401B-AABB-021A549242FC}.Debug|x64.ActiveCfg = Debug|Any CPU
		{6298FA4A-F531-401B-AABB-021A549242FC}.Debug|x64.Build.0 = Debug|Any CPU
		{6298FA4A-F531-401B-AABB-021A549242FC}.Debug|x86.ActiveCfg = Debug|Any CPU
		{6298FA4A-F531-401B-AABB-021A549242FC}.Debug|x86.Build.0 = Debug|Any CPU
		{6298FA4A-F531-401B-AABB-021A549242FC}.Release|Any CPU.ActiveCfg = Release|Any CPU
		{6298FA4A-F531-401B-AABB-021A549242FC}.Release|Any CPU.Build.0 = Release|Any CPU
		{6298FA4A-F531-401B-AABB-021A549242FC}.Release|x64.ActiveCfg = Release|Any CPU
		{6298FA4A-F531-401B-AABB-021A549242FC}.Release|x64.Build.0 = Release|Any CPU
		{6298FA4A-F531-401B-AABB-021A549242FC}.Release|x86.ActiveCfg = Release|Any CPU
		{6298FA4A-F531-401B-AABB-021A549242FC}.Release|x86.Build.0 = Release|Any CPU
		{94A90C85-8393-40E5-8F2B-31AB6396E76D}.Debug|Any CPU.ActiveCfg = Debug|Any CPU
		{94A90C85-8393-40E5-8F2B-31AB6396E76D}.Debug|Any CPU.Build.0 = Debug|Any CPU
		{94A90C85-8393-40E5-8F2B-31AB6396E76D}.Debug|x64.ActiveCfg = Debug|Any CPU
		{94A90C85-8393-40E5-8F2B-31AB6396E76D}.Debug|x64.Build.0 = Debug|Any CPU
		{94A90C85-8393-40E5-8F2B-31AB6396E76D}.Debug|x86.ActiveCfg = Debug|Any CPU
		{94A90C85-8393-40E5-8F2B-31AB6396E76D}.Debug|x86.Build.0 = Debug|Any CPU
		{94A90C85-8393-40E5-8F2B-31AB6396E76D}.Release|Any CPU.ActiveCfg = Release|Any CPU
		{94A90C85-8393-40E5-8F2B-31AB6396E76D}.Release|Any CPU.Build.0 = Release|Any CPU
		{94A90C85-8393-40E5-8F2B-31AB6396E76D}.Release|x64.ActiveCfg = Release|Any CPU
		{94A90C85-8393-40E5-8F2B-31AB6396E76D}.Release|x64.Build.0 = Release|Any CPU
		{94A90C85-8393-40E5-8F2B-31AB6396E76D}.Release|x86.ActiveCfg = Release|Any CPU
		{94A90C85-8393-40E5-8F2B-31AB6396E76D}.Release|x86.Build.0 = Release|Any CPU
		{3BFEFF51-EF98-43D7-92C9-5EF2FCC9D9E5}.Debug|Any CPU.ActiveCfg = Debug|Any CPU
		{3BFEFF51-EF98-43D7-92C9-5EF2FCC9D9E5}.Debug|Any CPU.Build.0 = Debug|Any CPU
		{3BFEFF51-EF98-43D7-92C9-5EF2FCC9D9E5}.Debug|x64.ActiveCfg = Debug|Any CPU
		{3BFEFF51-EF98-43D7-92C9-5EF2FCC9D9E5}.Debug|x64.Build.0 = Debug|Any CPU
		{3BFEFF51-EF98-43D7-92C9-5EF2FCC9D9E5}.Debug|x86.ActiveCfg = Debug|Any CPU
		{3BFEFF51-EF98-43D7-92C9-5EF2FCC9D9E5}.Debug|x86.Build.0 = Debug|Any CPU
		{3BFEFF51-EF98-43D7-92C9-5EF2FCC9D9E5}.Release|Any CPU.ActiveCfg = Release|Any CPU
		{3BFEFF51-EF98-43D7-92C9-5EF2FCC9D9E5}.Release|Any CPU.Build.0 = Release|Any CPU
		{3BFEFF51-EF98-43D7-92C9-5EF2FCC9D9E5}.Release|x64.ActiveCfg = Release|Any CPU
		{3BFEFF51-EF98-43D7-92C9-5EF2FCC9D9E5}.Release|x64.Build.0 = Release|Any CPU
		{3BFEFF51-EF98-43D7-92C9-5EF2FCC9D9E5}.Release|x86.ActiveCfg = Release|Any CPU
		{3BFEFF51-EF98-43D7-92C9-5EF2FCC9D9E5}.Release|x86.Build.0 = Release|Any CPU
		{C6451BA1-2FA7-41A5-97AA-896DA98CAD60}.Debug|Any CPU.ActiveCfg = Debug|Any CPU
		{C6451BA1-2FA7-41A5-97AA-896DA98CAD60}.Debug|Any CPU.Build.0 = Debug|Any CPU
		{C6451BA1-2FA7-41A5-97AA-896DA98CAD60}.Debug|x64.ActiveCfg = Debug|Any CPU
		{C6451BA1-2FA7-41A5-97AA-896DA98CAD60}.Debug|x64.Build.0 = Debug|Any CPU
		{C6451BA1-2FA7-41A5-97AA-896DA98CAD60}.Debug|x86.ActiveCfg = Debug|Any CPU
		{C6451BA1-2FA7-41A5-97AA-896DA98CAD60}.Debug|x86.Build.0 = Debug|Any CPU
		{C6451BA1-2FA7-41A5-97AA-896DA98CAD60}.Release|Any CPU.ActiveCfg = Release|Any CPU
		{C6451BA1-2FA7-41A5-97AA-896DA98CAD60}.Release|Any CPU.Build.0 = Release|Any CPU
		{C6451BA1-2FA7-41A5-97AA-896DA98CAD60}.Release|x64.ActiveCfg = Release|Any CPU
		{C6451BA1-2FA7-41A5-97AA-896DA98CAD60}.Release|x64.Build.0 = Release|Any CPU
		{C6451BA1-2FA7-41A5-97AA-896DA98CAD60}.Release|x86.ActiveCfg = Release|Any CPU
		{C6451BA1-2FA7-41A5-97AA-896DA98CAD60}.Release|x86.Build.0 = Release|Any CPU
		{6EFBC877-095E-4D85-A41D-6473E9369A21}.Debug|Any CPU.ActiveCfg = Debug|Any CPU
		{6EFBC877-095E-4D85-A41D-6473E9369A21}.Debug|Any CPU.Build.0 = Debug|Any CPU
		{6EFBC877-095E-4D85-A41D-6473E9369A21}.Debug|x64.ActiveCfg = Debug|Any CPU
		{6EFBC877-095E-4D85-A41D-6473E9369A21}.Debug|x64.Build.0 = Debug|Any CPU
		{6EFBC877-095E-4D85-A41D-6473E9369A21}.Debug|x86.ActiveCfg = Debug|Any CPU
		{6EFBC877-095E-4D85-A41D-6473E9369A21}.Debug|x86.Build.0 = Debug|Any CPU
		{6EFBC877-095E-4D85-A41D-6473E9369A21}.Release|Any CPU.ActiveCfg = Release|Any CPU
		{6EFBC877-095E-4D85-A41D-6473E9369A21}.Release|Any CPU.Build.0 = Release|Any CPU
		{6EFBC877-095E-4D85-A41D-6473E9369A21}.Release|x64.ActiveCfg = Release|Any CPU
		{6EFBC877-095E-4D85-A41D-6473E9369A21}.Release|x64.Build.0 = Release|Any CPU
		{6EFBC877-095E-4D85-A41D-6473E9369A21}.Release|x86.ActiveCfg = Release|Any CPU
		{6EFBC877-095E-4D85-A41D-6473E9369A21}.Release|x86.Build.0 = Release|Any CPU
		{24ABFC36-CB7F-41F9-5A78-B45DB3001651}.Debug|Any CPU.ActiveCfg = Debug|Any CPU
		{24ABFC36-CB7F-41F9-5A78-B45DB3001651}.Debug|Any CPU.Build.0 = Debug|Any CPU
		{24ABFC36-CB7F-41F9-5A78-B45DB3001651}.Debug|x64.ActiveCfg = Debug|Any CPU
		{24ABFC36-CB7F-41F9-5A78-B45DB3001651}.Debug|x64.Build.0 = Debug|Any CPU
		{24ABFC36-CB7F-41F9-5A78-B45DB3001651}.Debug|x86.ActiveCfg = Debug|Any CPU
		{24ABFC36-CB7F-41F9-5A78-B45DB3001651}.Debug|x86.Build.0 = Debug|Any CPU
		{24ABFC36-CB7F-41F9-5A78-B45DB3001651}.Release|Any CPU.ActiveCfg = Release|Any CPU
		{24ABFC36-CB7F-41F9-5A78-B45DB3001651}.Release|Any CPU.Build.0 = Release|Any CPU
		{24ABFC36-CB7F-41F9-5A78-B45DB3001651}.Release|x64.ActiveCfg = Release|Any CPU
		{24ABFC36-CB7F-41F9-5A78-B45DB3001651}.Release|x64.Build.0 = Release|Any CPU
		{24ABFC36-CB7F-41F9-5A78-B45DB3001651}.Release|x86.ActiveCfg = Release|Any CPU
		{24ABFC36-CB7F-41F9-5A78-B45DB3001651}.Release|x86.Build.0 = Release|Any CPU
	EndGlobalSection
	GlobalSection(SolutionProperties) = preSolution
		HideSolutionNode = FALSE
	EndGlobalSection
	GlobalSection(NestedProjects) = preSolution
		{29FB9F77-5B22-4E81-B920-578A98947D66} = {02EA681E-C7D8-13C7-8484-4AC65E1B71E8}
		{A2B32E91-D33A-4C5B-937C-4D3FB4D50EF6} = {02EA681E-C7D8-13C7-8484-4AC65E1B71E8}
		{6298FA4A-F531-401B-AABB-021A549242FC} = {02EA681E-C7D8-13C7-8484-4AC65E1B71E8}
		{94A90C85-8393-40E5-8F2B-31AB6396E76D} = {02EA681E-C7D8-13C7-8484-4AC65E1B71E8}
		{3BFEFF51-EF98-43D7-92C9-5EF2FCC9D9E5} = {FE020CA1-D471-4CE5-A412-098ECEADA2B8}
		{C6451BA1-2FA7-41A5-97AA-896DA98CAD60} = {FE020CA1-D471-4CE5-A412-098ECEADA2B8}
		{6EFBC877-095E-4D85-A41D-6473E9369A21} = {FE020CA1-D471-4CE5-A412-098ECEADA2B8}
		{24ABFC36-CB7F-41F9-5A78-B45DB3001651} = {37821FA4-66EA-4E5C-903B-FF7036373805}
	EndGlobalSection
	GlobalSection(ExtensibilityGlobals) = postSolution
		SolutionGuid = {C2AE9D47-BF0F-4A2F-898D-AEE276BD39F4}
	EndGlobalSection
EndGlobal
